// !$*UTF8*$!
{
	archiveVersion = 1;
	classes = {
	};
	objectVersion = 46;
	objects = {

/* Begin PBXBuildFile section */
		F613F4391EA9A2F200CCD942 /* main.m in Sources */ = {isa = PBXBuildFile; fileRef = F613F4381EA9A2F200CCD942 /* main.m */; };
		F613F43C1EA9A2F200CCD942 /* AppDelegate.m in Sources */ = {isa = PBXBuildFile; fileRef = F613F43B1EA9A2F200CCD942 /* AppDelegate.m */; };
		F613F43F1EA9A2F200CCD942 /* ViewController.m in Sources */ = {isa = PBXBuildFile; fileRef = F613F43E1EA9A2F200CCD942 /* ViewController.m */; };
		F613F4421EA9A2F200CCD942 /* Main.storyboard in Resources */ = {isa = PBXBuildFile; fileRef = F613F4401EA9A2F200CCD942 /* Main.storyboard */; };
		F613F4441EA9A2F200CCD942 /* Assets.xcassets in Resources */ = {isa = PBXBuildFile; fileRef = F613F4431EA9A2F200CCD942 /* Assets.xcassets */; };
		F613F4471EA9A2F200CCD942 /* LaunchScreen.storyboard in Resources */ = {isa = PBXBuildFile; fileRef = F613F4451EA9A2F200CCD942 /* LaunchScreen.storyboard */; };
		F613F4501EA9A31B00CCD942 /* RunloopObserver.m in Sources */ = {isa = PBXBuildFile; fileRef = F613F44F1EA9A31B00CCD942 /* RunloopObserver.m */; };
/* End PBXBuildFile section */

/* Begin PBXFileReference section */
		F613F4341EA9A2F200CCD942 /* RunloopObserverUtils.app */ = {isa = PBXFileReference; explicitFileType = wrapper.application; includeInIndex = 0; path = RunloopObserverUtils.app; sourceTree = BUILT_PRODUCTS_DIR; };
		F613F4381EA9A2F200CCD942 /* main.m */ = {isa = PBXFileReference; lastKnownFileType = sourcecode.c.objc; path = main.m; sourceTree = "<group>"; };
		F613F43A1EA9A2F200CCD942 /* AppDelegate.h */ = {isa = PBXFileReference; lastKnownFileType = sourcecode.c.h; path = AppDelegate.h; sourceTree = "<group>"; };
		F613F43B1EA9A2F200CCD942 /* AppDelegate.m */ = {isa = PBXFileReference; lastKnownFileType = sourcecode.c.objc; path = AppDelegate.m; sourceTree = "<group>"; };
		F613F43D1EA9A2F200CCD942 /* ViewController.h */ = {isa = PBXFileReference; lastKnownFileType = sourcecode.c.h; path = ViewController.h; sourceTree = "<group>"; };
		F613F43E1EA9A2F200CCD942 /* ViewController.m */ = {isa = PBXFileReference; lastKnownFileType = sourcecode.c.objc; path = ViewController.m; sourceTree = "<group>"; };
		F613F4411EA9A2F200CCD942 /* Base */ = {isa = PBXFileReference; lastKnownFileType = file.storyboard; name = Base; path = Base.lproj/Main.storyboard; sourceTree = "<group>"; };
		F613F4431EA9A2F200CCD942 /* Assets.xcassets */ = {isa = PBXFileReference; lastKnownFileType = folder.assetcatalog; path = Assets.xcassets; sourceTree = "<group>"; };
		F613F4461EA9A2F200CCD942 /* Base */ = {isa = PBXFileReference; lastKnownFileType = file.storyboard; name = Base; path = Base.lproj/LaunchScreen.storyboard; sourceTree = "<group>"; };
		F613F4481EA9A2F200CCD942 /* Info.plist */ = {isa = PBXFileReference; lastKnownFileType = text.plist.xml; path = Info.plist; sourceTree = "<group>"; };
		F613F44E1EA9A31B00CCD942 /* RunloopObserver.h */ = {isa = PBXFileReference; fileEncoding = 4; lastKnownFileType = sourcecode.c.h; name = RunloopObserver.h; path = ../RunloopObserver.h; sourceTree = "<group>"; };
		F613F44F1EA9A31B00CCD942 /* RunloopObserver.m */ = {isa = PBXFileReference; fileEncoding = 4; lastKnownFileType = sourcecode.c.objc; name = RunloopObserver.m; path = ../RunloopObserver.m; sourceTree = "<group>"; };
/* End PBXFileReference section */

/* Begin PBXFrameworksBuildPhase section */
		F613F4311EA9A2F200CCD942 /* Frameworks */ = {
			isa = PBXFrameworksBuildPhase;
			buildActionMask = 2147483647;
			files = (
			);
			runOnlyForDeploymentPostprocessing = 0;
		};
/* End PBXFrameworksBuildPhase section */

/* Begin PBXGroup section */
		F613F42B1EA9A2F200CCD942 = {
			isa = PBXGroup;
			children = (
				F613F4361EA9A2F200CCD942 /* RunloopObserverUtils */,
				F613F4351EA9A2F200CCD942 /* Products */,
			);
			sourceTree = "<group>";
		};
		F613F4351EA9A2F200CCD942 /* Products */ = {
			isa = PBXGroup;
			children = (
				F613F4341EA9A2F200CCD942 /* RunloopObserverUtils.app */,
			);
			name = Products;
			sourceTree = "<group>";
		};
		F613F4361EA9A2F200CCD942 /* RunloopObserverUtils */ = {
			isa = PBXGroup;
			children = (
				F613F4511EA9A90900CCD942 /* Classes */,
				F613F43A1EA9A2F200CCD942 /* AppDelegate.h */,
				F613F43B1EA9A2F200CCD942 /* AppDelegate.m */,
				F613F43D1EA9A2F200CCD942 /* ViewController.h */,
				F613F43E1EA9A2F200CCD942 /* ViewController.m */,
				F613F4401EA9A2F200CCD942 /* Main.storyboard */,
				F613F4431EA9A2F200CCD942 /* Assets.xcassets */,
				F613F4451EA9A2F200CCD942 /* LaunchScreen.storyboard */,
				F613F4481EA9A2F200CCD942 /* Info.plist */,
				F613F4371EA9A2F200CCD942 /* Supporting Files */,
			);
			path = RunloopObserverUtils;
			sourceTree = "<group>";
		};
		F613F4371EA9A2F200CCD942 /* Supporting Files */ = {
			isa = PBXGroup;
			children = (
				F613F4381EA9A2F200CCD942 /* main.m */,
			);
			name = "Supporting Files";
			sourceTree = "<group>";
		};
		F613F4511EA9A90900CCD942 /* Classes */ = {
			isa = PBXGroup;
			children = (
				F613F44E1EA9A31B00CCD942 /* RunloopObserver.h */,
				F613F44F1EA9A31B00CCD942 /* RunloopObserver.m */,
			);
			path = Classes;
			sourceTree = "<group>";
		};
/* End PBXGroup section */

/* Begin PBXNativeTarget section */
		F613F4331EA9A2F200CCD942 /* RunloopObserverUtils */ = {
			isa = PBXNativeTarget;
			buildConfigurationList = F613F44B1EA9A2F200CCD942 /* Build configuration list for PBXNativeTarget "RunloopObserverUtils" */;
			buildPhases = (
				F613F4301EA9A2F200CCD942 /* Sources */,
				F613F4311EA9A2F200CCD942 /* Frameworks */,
				F613F4321EA9A2F200CCD942 /* Resources */,
			);
			buildRules = (
			);
			dependencies = (
			);
			name = RunloopObserverUtils;
			productName = RunloopObserverUtils;
			productReference = F613F4341EA9A2F200CCD942 /* RunloopObserverUtils.app */;
			productType = "com.apple.product-type.application";
		};
/* End PBXNativeTarget section */

/* Begin PBXProject section */
		F613F42C1EA9A2F200CCD942 /* Project object */ = {
			isa = PBXProject;
			attributes = {
				LastUpgradeCheck = 0800;
				ORGANIZATIONNAME = DA;
				TargetAttributes = {
					F613F4331EA9A2F200CCD942 = {
						CreatedOnToolsVersion = 8.0;
						ProvisioningStyle = Automatic;
					};
				};
			};
			buildConfigurationList = F613F42F1EA9A2F200CCD942 /* Build configuration list for PBXProject "RunloopObserverUtils" */;
			compatibilityVersion = "Xcode 3.2";
			developmentRegion = English;
			hasScannedForEncodings = 0;
			knownRegions = (
				en,
				Base,
			);
			mainGroup = F613F42B1EA9A2F200CCD942;
			productRefGroup = F613F4351EA9A2F200CCD942 /* Products */;
			projectDirPath = "";
			projectRoot = "";
			targets = (
				F613F4331EA9A2F200CCD942 /* RunloopObserverUtils */,
			);
		};
/* End PBXProject section */

/* Begin PBXResourcesBuildPhase section */
		F613F4321EA9A2F200CCD942 /* Resources */ = {
			isa = PBXResourcesBuildPhase;
			buildActionMask = 2147483647;
			files = (
				F613F4471EA9A2F200CCD942 /* LaunchScreen.storyboard in Resources */,
				F613F4441EA9A2F200CCD942 /* Assets.xcassets in Resources */,
				F613F4421EA9A2F200CCD942 /* Main.storyboard in Resources */,
			);
			runOnlyForDeploymentPostprocessing = 0;
		};
/* End PBXResourcesBuildPhase section */

/* Begin PBXSourcesBuildPhase section */
		F613F4301EA9A2F200CCD942 /* Sources */ = {
			isa = PBXSourcesBuildPhase;
			buildActionMask = 2147483647;
			files = (
				F613F43F1EA9A2F200CCD942 /* ViewController.m in Sources */,
				F613F43C1EA9A2F200CCD942 /* AppDelegate.m in Sources */,
				F613F4391EA9A2F200CCD942 /* main.m in Sources */,
				F613F4501EA9A31B00CCD942 /* RunloopObserver.m in Sources */,
			);
			runOnlyForDeploymentPostprocessing = 0;
		};
/* End PBXSourcesBuildPhase section */

/* Begin PBXVariantGroup section */
		F613F4401EA9A2F200CCD942 /* Main.storyboard */ = {
			isa = PBXVariantGroup;
			children = (
				F613F4411EA9A2F200CCD942 /* Base */,
			);
			name = Main.storyboard;
			sourceTree = "<group>";
		};
		F613F4451EA9A2F200CCD942 /* LaunchScreen.storyboard */ = {
			isa = PBXVariantGroup;
			children = (
				F613F4461EA9A2F200CCD942 /* Base */,
			);
			name = LaunchScreen.storyboard;
			sourceTree = "<group>";
		};
/* End PBXVariantGroup section */

/* Begin XCBuildConfiguration section */
		F613F4491EA9A2F200CCD942 /* Debug */ = {
			isa = XCBuildConfiguration;
			buildSettings = {
				ALWAYS_SEARCH_USER_PATHS = NO;
				CLANG_ANALYZER_NONNULL = YES;
				CLANG_CXX_LANGUAGE_STANDARD = "gnu++0x";
				CLANG_CXX_LIBRARY = "libc++";
				CLANG_ENABLE_MODULES = YES;
				CLANG_ENABLE_OBJC_ARC = YES;
				CLANG_WARN_BOOL_CONVERSION = YES;
				CLANG_WARN_CONSTANT_CONVERSION = YES;
				CLANG_WARN_DIRECT_OBJC_ISA_USAGE = YES_ERROR;
				CLANG_WARN_DOCUMENTATION_COMMENTS = YES;
				CLANG_WARN_EMPTY_BODY = YES;
				CLANG_WARN_ENUM_CONVERSION = YES;
				CLANG_WARN_INFINITE_RECURSION = YES;
				CLANG_WARN_INT_CONVERSION = YES;
				CLANG_WARN_OBJC_ROOT_CLASS = YES_ERROR;
				CLANG_WARN_SUSPICIOUS_MOVES = YES;
				CLANG_WARN_UNREACHABLE_CODE = YES;
				CLANG_WARN__DUPLICATE_METHOD_MATCH = YES;
				"CODE_SIGN_IDENTITY[sdk=iphoneos*]" = "iPhone Developer";
				COPY_PHASE_STRIP = NO;
				DEBUG_INFORMATION_FORMAT = dwarf;
				ENABLE_STRICT_OBJC_MSGSEND = YES;
				ENABLE_TESTABILITY = YES;
				GCC_C_LANGUAGE_STANDARD = gnu99;
				GCC_DYNAMIC_NO_PIC = NO;
				GCC_NO_COMMON_BLOCKS = YES;
				GCC_OPTIMIZATION_LEVEL = 0;
				GCC_PREPROCESSOR_DEFINITIONS = (
					"DEBUG=1",
					"$(inherited)",
				);
				GCC_WARN_64_TO_32_BIT_CONVERSION = YES;
				GCC_WARN_ABOUT_RETURN_TYPE = YES_ERROR;
				GCC_WARN_UNDECLARED_SELECTOR = YES;
				GCC_WARN_UNINITIALIZED_AUTOS = YES_AGGRESSIVE;
				GCC_WARN_UNUSED_FUNCTION = YES;
				GCC_WARN_UNUSED_VARIABLE = YES;
				IPHONEOS_DEPLOYMENT_TARGET = 10.0;
				MTL_ENABLE_DEBUG_INFO = YES;
				ONLY_ACTIVE_ARCH = YES;
				SDKROOT = iphoneos;
			};
			name = Debug;
		};
		F613F44A1EA9A2F200CCD942 /* Release */ = {
			isa = XCBuildConfiguration;
			buildSettings = {
				ALWAYS_SEARCH_USER_PATHS = NO;
				CLANG_ANALYZER_NONNULL = YES;
				CLANG_CXX_LANGUAGE_STANDARD = "gnu++0x";
				CLANG_CXX_LIBRARY = "libc++";
				CLANG_ENABLE_MODULES = YES;
				CLANG_ENABLE_OBJC_ARC = YES;
				CLANG_WARN_BOOL_CONVERSION = YES;
				CLANG_WARN_CONSTANT_CONVERSION = YES;
				CLANG_WARN_DIRECT_OBJC_ISA_USAGE = YES_ERROR;
				CLANG_WARN_DOCUMENTATION_COMMENTS = YES;
				CLANG_WARN_EMPTY_BODY = YES;
				CLANG_WARN_ENUM_CONVERSION = YES;
				CLANG_WARN_INFINITE_RECURSION = YES;
				CLANG_WARN_INT_CONVERSION = YES;
				CLANG_WARN_OBJC_ROOT_CLASS = YES_ERROR;
				CLANG_WARN_SUSPICIOUS_MOVES = YES;
				CLANG_WARN_UNREACHABLE_CODE = YES;
				CLANG_WARN__DUPLICATE_METHOD_MATCH = YES;
				"CODE_SIGN_IDENTITY[sdk=iphoneos*]" = "iPhone Developer";
				COPY_PHASE_STRIP = NO;
				DEBUG_INFORMATION_FORMAT = "dwarf-with-dsym";
				ENABLE_NS_ASSERTIONS = NO;
				ENABLE_STRICT_OBJC_MSGSEND = YES;
				GCC_C_LANGUAGE_STANDARD = gnu99;
				GCC_NO_COMMON_BLOCKS = YES;
				GCC_WARN_64_TO_32_BIT_CONVERSION = YES;
				GCC_WARN_ABOUT_RETURN_TYPE = YES_ERROR;
				GCC_WARN_UNDECLARED_SELECTOR = YES;
				GCC_WARN_UNINITIALIZED_AUTOS = YES_AGGRESSIVE;
				GCC_WARN_UNUSED_FUNCTION = YES;
				GCC_WARN_UNUSED_VARIABLE = YES;
				IPHONEOS_DEPLOYMENT_TARGET = 10.0;
				MTL_ENABLE_DEBUG_INFO = NO;
				SDKROOT = iphoneos;
				VALIDATE_PRODUCT = YES;
			};
			name = Release;
		};
		F613F44C1EA9A2F200CCD942 /* Debug */ = {
			isa = XCBuildConfiguration;
			buildSettings = {
				ASSETCATALOG_COMPILER_APPICON_NAME = AppIcon;
				INFOPLIST_FILE = RunloopObserverUtils/Info.plist;
				LD_RUNPATH_SEARCH_PATHS = "$(inherited) @executable_path/Frameworks";
				PRODUCT_BUNDLE_IDENTIFIER = com.duanao.infomation.RunloopObserverUtils;
				PRODUCT_NAME = "$(TARGET_NAME)";
			};
			name = Debug;
		};
		F613F44D1EA9A2F200CCD942 /* Release */ = {
			isa = XCBuildConfiguration;
			buildSettings = {
				ASSETCATALOG_COMPILER_APPICON_NAME = AppIcon;
				INFOPLIST_FILE = RunloopObserverUtils/Info.plist;
				LD_RUNPATH_SEARCH_PATHS = "$(inherited) @executable_path/Frameworks";
				PRODUCT_BUNDLE_IDENTIFIER = com.duanao.infomation.RunloopObserverUtils;
				PRODUCT_NAME = "$(TARGET_NAME)";
			};
			name = Release;
		};
/* End XCBuildConfiguration section */

/* Begin XCConfigurationList section */
		F613F42F1EA9A2F200CCD942 /* Build configuration list for PBXProject "RunloopObserverUtils" */ = {
			isa = XCConfigurationList;
			buildConfigurations = (
				F613F4491EA9A2F200CCD942 /* Debug */,
				F613F44A1EA9A2F200CCD942 /* Release */,
			);
			defaultConfigurationIsVisible = 0;
			defaultConfigurationName = Release;
		};
		F613F44B1EA9A2F200CCD942 /* Build configuration list for PBXNativeTarget "RunloopObserverUtils" */ = {
			isa = XCConfigurationList;
			buildConfigurations = (
				F613F44C1EA9A2F200CCD942 /* Debug */,
				F613F44D1EA9A2F200CCD942 /* Release */,
			);
			defaultConfigurationIsVisible = 0;
		};
/* End XCConfigurationList section */
	};
	rootObject = F613F42C1EA9A2F200CCD942 /* Project object */;
}
